# THIS IS AN AUTOGENERATED FILE. DO NOT EDIT THIS FILE DIRECTLY.
# yarn lockfile v1


"@primer/css@^20.2.3":
  version "20.2.3"
  resolved "https://registry.yarnpkg.com/@primer/css/-/css-20.2.3.tgz#10d3a2d22d020fbc4369bd25b92fdb26c15c70e9"
  integrity sha512-OjAhljT577T1PbhifzKHVGJdsKibHUhIEKr4r1MbfAmSgSkOoZUgPdzXMHB9+K+3sEufSXN8KRnbKsFiLgySlA==
  dependencies:
    "@primer/primitives" "^7.8.3"

"@primer/primitives@^7.8.3":
  version "7.8.3"
  resolved "https://registry.yarnpkg.com/@primer/primitives/-/primitives-7.8.3.tgz#de7e03492cf977e99f2417490d76421db9715e9f"
  integrity sha512-04ZwfJhpZ0QFwDrJfCuLX6iOh0BflWDTvuoRA80lQH9xk0RtIg16INbruwwtnbSgnKKXXRSykRRJ5BbxnqufRA==
